
Microsoft Visual Studio Solution File, Format Version 12.00
# Visual Studio Version 17
VisualStudioVersion = 17.0.31912.275
MinimumVisualStudioVersion = 10.0.40219.1
Project("{FAE04EC0-301F-11D3-BF4B-00C04F79EFBC}") = "figures", "figures.csproj", "{DED692F4-53F5-4892-B92A-050C323C5021}"
EndProject
Global
	GlobalSection(SolutionConfigurationPlatforms) = preSolution
		Debug|Any CPU = Debug|Any CPU
		Release|Any CPU = Release|Any CPU
	EndGlobalSection
	GlobalSection(ProjectConfigurationPlatforms) = postSolution
		{DED692F4-53F5-4892-B92A-050C323C5021}.Debug|Any CPU.ActiveCfg = Debug|Any CPU
		{DED692F4-53F5-4892-B92A-050C323C5021}.Debug|Any CPU.Build.0 = Debug|Any CPU
		{DED692F4-53F5-4892-B92A-050C323C5021}.Release|Any CPU.ActiveCfg = Release|Any CPU
		{DED692F4-53F5-4892-B92A-050C323C5021}.Release|Any CPU.Build.0 = Release|Any CPU
	EndGlobalSection
	GlobalSection(SolutionProperties) = preSolution
		HideSolutionNode = FALSE
	EndGlobalSection
	GlobalSection(ExtensibilityGlobals) = postSolution
		SolutionGuid = {01E713BF-E979-4497-8CB2-5E0AFFC471D5}
	EndGlobalSection
EndGlobal
